
Microsoft Visual Studio Solution File, Format Version 12.00
# Visual Studio Version 16
VisualStudioVersion = 16.0.28803.452
MinimumVisualStudioVersion = 10.0.40219.1
Project("{FAE04EC0-301F-11D3-BF4B-00C04F79EFBC}") = "ferramGraph", "ferramGraph\ferramGraph.csproj", "{0CCFED24-728C-432B-9FDC-30BEF1116EDE}"
EndProject
Project("{FAE04EC0-301F-11D3-BF4B-00C04F79EFBC}") = "FerramAerospaceResearch", "FerramAerospaceResearch\FerramAerospaceResearch.csproj", "{0CE2D15F-3EC2-4DC0-B35F-D9F7B18169BE}"
EndProject
Project("{2150E333-8FDC-42A3-9474-1A3956D46DE8}") = "Solution Items", "Solution Items", "{0887C0BC-9D6E-4AE4-85EF-5B5F73DDC017}"
	ProjectSection(SolutionItems) = preProject
		.editorconfig = .editorconfig
		Directory.Build.props = Directory.Build.props
		config.json = config.json
		README.md = README.md
	EndProjectSection
EndProject
Global
	GlobalSection(SolutionConfigurationPlatforms) = preSolution
		Debug|Any CPU = Debug|Any CPU
		Release|Any CPU = Release|Any CPU
	EndGlobalSection
	GlobalSection(ProjectConfigurationPlatforms) = postSolution
		{0CCFED24-728C-432B-9FDC-30BEF1116EDE}.Debug|Any CPU.ActiveCfg = Debug|Any CPU
		{0CCFED24-728C-432B-9FDC-30BEF1116EDE}.Debug|Any CPU.Build.0 = Debug|Any CPU
		{0CCFED24-728C-432B-9FDC-30BEF1116EDE}.Release|Any CPU.ActiveCfg = Release|Any CPU
		{0CCFED24-728C-432B-9FDC-30BEF1116EDE}.Release|Any CPU.Build.0 = Release|Any CPU
		{0CE2D15F-3EC2-4DC0-B35F-D9F7B18169BE}.Debug|Any CPU.ActiveCfg = Debug|Any CPU
		{0CE2D15F-3EC2-4DC0-B35F-D9F7B18169BE}.Debug|Any CPU.Build.0 = Debug|Any CPU
		{0CE2D15F-3EC2-4DC0-B35F-D9F7B18169BE}.Release|Any CPU.ActiveCfg = Release|Any CPU
		{0CE2D15F-3EC2-4DC0-B35F-D9F7B18169BE}.Release|Any CPU.Build.0 = Release|Any CPU
	EndGlobalSection
	GlobalSection(SolutionProperties) = preSolution
		HideSolutionNode = FALSE
	EndGlobalSection
	GlobalSection(ExtensibilityGlobals) = postSolution
		SolutionGuid = {52481323-37F6-4F52-8F83-5E1570B7D290}
	EndGlobalSection
EndGlobal
